{
  "name": "font-checker",
  "version": "1.0.0",
  "lockfileVersion": 3,
  "requires": true,
  "packages": {
    "": {
      "name": "font-checker",
      "version": "1.0.0",
      "dependencies": {
        "fonteditor-core": "^2.6.2",
        "wawoff2": "^2.0.1"
      },
      "bin": {
        "font-checker": "src/cli.js"
      },
      "engines": {
        "node": ">=18"
      }
    },
    "node_modules/@xmldom/xmldom": {
      "version": "0.8.13",
      "resolved": "https://registry.npmjs.org/@xmldom/xmldom/-/xmldom-0.8.13.tgz",
      "integrity": "sha512-KRYzxepc14G/CEpEGc3Yn+JKaAeT63smlDr+vjB8jRfgTBBI9wRj/nkQEO+ucV8p8I9bfKLWp37uHgFrbntPvw==",
      "license": "MIT",
      "engines": {
        "node": ">=10.0.0"
      }
    },
    "node_modules/argparse": {
      "version": "2.0.1",
      "resolved": "https://registry.npmjs.org/argparse/-/argparse-2.0.1.tgz",
      "integrity": "sha512-8+9WqebbFzpX9OR+Wa6O29asIogeRMzcGtAINdpMHHyAg10f05aSFVBbcEqGf/PXw1EjAZ+q2/bEBg3DvurK3Q==",
      "license": "Python-2.0"
    },
    "node_modules/fonteditor-core": {
      "version": "2.6.3",
      "resolved": "https://registry.npmjs.org/fonteditor-core/-/fonteditor-core-2.6.3.tgz",
      "integrity": "sha512-YUryIKjkenjZ41E7JvM3V+02Ak4mTHDDTwBWgs9KBzypzHqLZHuua1UDRevZNTKawmnq1dbBAa70Jddl2+F4FQ==",
      "dependencies": {
        "@xmldom/xmldom": "^0.8.3"
      }
    },
    "node_modules/wawoff2": {
      "version": "2.0.1",
      "resolved": "https://registry.npmjs.org/wawoff2/-/wawoff2-2.0.1.tgz",
      "integrity": "sha512-r0CEmvpH63r4T15ebFqeOjGqU4+EgTx4I510NtK35EMciSdcTxCw3Byy3JnBonz7iyIFZ0AbVo0bbFpEVuhCYA==",
      "license": "MIT",
      "dependencies": {
        "argparse": "^2.0.1"
      },
      "bin": {
        "woff2_compress.js": "bin/woff2_compress.js",
        "woff2_decompress.js": "bin/woff2_decompress.js"
      }
    }
  }
}
